PODS:
  - CocoaAsyncSocket (7.5.0):
    - CocoaAsyncSocket/GCD (= 7.5.0)
  - CocoaAsyncSocket/GCD (7.5.0)
  - CocoaLumberjack (2.3.0):
    - CocoaLumberjack/Default (= 2.3.0)
    - CocoaLumberjack/Extensions (= 2.3.0)
  - CocoaLumberjack/Core (2.3.0)
  - CocoaLumberjack/Default (2.3.0):
    - CocoaLumberjack/Core
  - CocoaLumberjack/Extensions (2.3.0):
    - CocoaLumberjack/Default
  - Masonry (1.0.1)
  - ReactiveCocoa (2.5):
    - ReactiveCocoa/UI (= 2.5)
  - ReactiveCocoa/Core (2.5):
    - ReactiveCocoa/no-arc
  - ReactiveCocoa/no-arc (2.5)
  - ReactiveCocoa/UI (2.5):
    - ReactiveCocoa/Core
  - Realm (1.0.2):
    - Realm/Headers (= 1.0.2)
  - Realm/Headers (1.0.2)
  - Reveal-iOS-SDK (1.6.2)

DEPENDENCIES:
  - CocoaAsyncSocket (~> 7.5)
  - CocoaLumberjack (~> 2.3)
  - Masonry (~> 1.0)
  - ReactiveCocoa (~> 2.0)
  - Realm (~> 1.0)
  - Reveal-iOS-SDK

SPEC CHECKSUMS:
  CocoaAsyncSocket: 3baeb1ddd969f81cf9fca81053ae49ef2d1cbbfa
  CocoaLumberjack: 97fab7ee5f507fe54445cca7ea80f926729cfd15
  Masonry: a1a931a0d08870ed8ae415a2ea5ea68ebcac77df
  ReactiveCocoa: e2db045570aa97c695e7aa97c2bcab222ae51f4a
  Realm: 9d5c46a4d7d27958530a8dfc58f63a99e5c2cba3
  Reveal-iOS-SDK: e2250b3c155bcfac53ae223ddc1f76d08f206c33

PODFILE CHECKSUM: 8860e6119b78c8b58faba7d71a06d101e47605b6

COCOAPODS: 1.0.1
